// !$*UTF8*$!
{
	archiveVersion = 1;
	classes = {
	};
	objectVersion = 46;
	objects = {

/* Begin PBXBuildFile section */
		13F299A01C86770600F37A5E /* main.m in Sources */ = {isa = PBXBuildFile; fileRef = 13F2999F1C86770600F37A5E /* main.m */; };
		13F299A31C86770600F37A5E /* AppDelegate.m in Sources */ = {isa = PBXBuildFile; fileRef = 13F299A21C86770600F37A5E /* AppDelegate.m */; };
		13F299A61C86770600F37A5E /* ViewController.m in Sources */ = {isa = PBXBuildFile; fileRef = 13F299A51C86770600F37A5E /* ViewController.m */; };
		13F299A91C86770600F37A5E /* Main.storyboard in Resources */ = {isa = PBXBuildFile; fileRef = 13F299A71C86770600F37A5E /* Main.storyboard */; };
		13F299AB1C86770600F37A5E /* Assets.xcassets in Resources */ = {isa = PBXBuildFile; fileRef = 13F299AA1C86770600F37A5E /* Assets.xcassets */; };
		13F299AE1C86770600F37A5E /* LaunchScreen.storyboard in Resources */ = {isa = PBXBuildFile; fileRef = 13F299AC1C86770600F37A5E /* LaunchScreen.storyboard */; };
		13F299B91C86770600F37A5E /* ____Tests.m in Sources */ = {isa = PBXBuildFile; fileRef = 13F299B81C86770600F37A5E /* ____Tests.m */; };
		13F299C41C86770600F37A5E /* ____UITests.m in Sources */ = {isa = PBXBuildFile; fileRef = 13F299C31C86770600F37A5E /* ____UITests.m */; };
		13F299D31C8677AB00F37A5E /* Coordinate_System.m in Sources */ = {isa = PBXBuildFile; fileRef = 13F299D21C8677AB00F37A5E /* Coordinate_System.m */; };
/* End PBXBuildFile section */

/* Begin PBXContainerItemProxy section */
		13F299B51C86770600F37A5E /* PBXContainerItemProxy */ = {
			isa = PBXContainerItemProxy;
			containerPortal = 13F299931C86770600F37A5E /* Project object */;
			proxyType = 1;
			remoteGlobalIDString = 13F2999A1C86770600F37A5E;
			remoteInfo = "画坐标系";
		};
		13F299C01C86770600F37A5E /* PBXContainerItemProxy */ = {
			isa = PBXContainerItemProxy;
			containerPortal = 13F299931C86770600F37A5E /* Project object */;
			proxyType = 1;
			remoteGlobalIDString = 13F2999A1C86770600F37A5E;
			remoteInfo = "画坐标系";
		};
/* End PBXContainerItemProxy section */

/* Begin PBXFileReference section */
		13F2999B1C86770600F37A5E /* 画坐标系.app */ = {isa = PBXFileReference; explicitFileType = wrapper.application; includeInIndex = 0; path = "画坐标系.app"; sourceTree = BUILT_PRODUCTS_DIR; };
		13F2999F1C86770600F37A5E /* main.m */ = {isa = PBXFileReference; lastKnownFileType = sourcecode.c.objc; path = main.m; sourceTree = "<group>"; };
		13F299A11C86770600F37A5E /* AppDelegate.h */ = {isa = PBXFileReference; lastKnownFileType = sourcecode.c.h; path = AppDelegate.h; sourceTree = "<group>"; };
		13F299A21C86770600F37A5E /* AppDelegate.m */ = {isa = PBXFileReference; lastKnownFileType = sourcecode.c.objc; path = AppDelegate.m; sourceTree = "<group>"; };
		13F299A41C86770600F37A5E /* ViewController.h */ = {isa = PBXFileReference; lastKnownFileType = sourcecode.c.h; path = ViewController.h; sourceTree = "<group>"; };
		13F299A51C86770600F37A5E /* ViewController.m */ = {isa = PBXFileReference; lastKnownFileType = sourcecode.c.objc; path = ViewController.m; sourceTree = "<group>"; };
		13F299A81C86770600F37A5E /* Base */ = {isa = PBXFileReference; lastKnownFileType = file.storyboard; name = Base; path = Base.lproj/Main.storyboard; sourceTree = "<group>"; };
		13F299AA1C86770600F37A5E /* Assets.xcassets */ = {isa = PBXFileReference; lastKnownFileType = folder.assetcatalog; path = Assets.xcassets; sourceTree = "<group>"; };
		13F299AD1C86770600F37A5E /* Base */ = {isa = PBXFileReference; lastKnownFileType = file.storyboard; name = Base; path = Base.lproj/LaunchScreen.storyboard; sourceTree = "<group>"; };
		13F299AF1C86770600F37A5E /* Info.plist */ = {isa = PBXFileReference; lastKnownFileType = text.plist.xml; path = Info.plist; sourceTree = "<group>"; };
		13F299B41C86770600F37A5E /* 画坐标系Tests.xctest */ = {isa = PBXFileReference; explicitFileType = wrapper.cfbundle; includeInIndex = 0; path = "画坐标系Tests.xctest"; sourceTree = BUILT_PRODUCTS_DIR; };
		13F299B81C86770600F37A5E /* ____Tests.m */ = {isa = PBXFileReference; lastKnownFileType = sourcecode.c.objc; path = "____Tests.m"; sourceTree = "<group>"; };
		13F299BA1C86770600F37A5E /* Info.plist */ = {isa = PBXFileReference; lastKnownFileType = text.plist.xml; path = Info.plist; sourceTree = "<group>"; };
		13F299BF1C86770600F37A5E /* 画坐标系UITests.xctest */ = {isa = PBXFileReference; explicitFileType = wrapper.cfbundle; includeInIndex = 0; path = "画坐标系UITests.xctest"; sourceTree = BUILT_PRODUCTS_DIR; };
		13F299C31C86770600F37A5E /* ____UITests.m */ = {isa = PBXFileReference; lastKnownFileType = sourcecode.c.objc; path = "____UITests.m"; sourceTree = "<group>"; };
		13F299C51C86770600F37A5E /* Info.plist */ = {isa = PBXFileReference; lastKnownFileType = text.plist.xml; path = Info.plist; sourceTree = "<group>"; };
		13F299D11C8677AB00F37A5E /* Coordinate_System.h */ = {isa = PBXFileReference; fileEncoding = 4; lastKnownFileType = sourcecode.c.h; path = Coordinate_System.h; sourceTree = "<group>"; };
		13F299D21C8677AB00F37A5E /* Coordinate_System.m */ = {isa = PBXFileReference; fileEncoding = 4; lastKnownFileType = sourcecode.c.objc; path = Coordinate_System.m; sourceTree = "<group>"; };
/* End PBXFileReference section */

/* Begin PBXFrameworksBuildPhase section */
		13F299981C86770600F37A5E /* Frameworks */ = {
			isa = PBXFrameworksBuildPhase;
			buildActionMask = 2147483647;
			files = (
			);
			runOnlyForDeploymentPostprocessing = 0;
		};
		13F299B11C86770600F37A5E /* Frameworks */ = {
			isa = PBXFrameworksBuildPhase;
			buildActionMask = 2147483647;
			files = (
			);
			runOnlyForDeploymentPostprocessing = 0;
		};
		13F299BC1C86770600F37A5E /* Frameworks */ = {
			isa = PBXFrameworksBuildPhase;
			buildActionMask = 2147483647;
			files = (
			);
			runOnlyForDeploymentPostprocessing = 0;
		};
/* End PBXFrameworksBuildPhase section */

/* Begin PBXGroup section */
		13F299921C86770600F37A5E = {
			isa = PBXGroup;
			children = (
				13F2999D1C86770600F37A5E /* 画坐标系 */,
				13F299B71C86770600F37A5E /* 画坐标系Tests */,
				13F299C21C86770600F37A5E /* 画坐标系UITests */,
				13F2999C1C86770600F37A5E /* Products */,
			);
			sourceTree = "<group>";
		};
		13F2999C1C86770600F37A5E /* Products */ = {
			isa = PBXGroup;
			children = (
				13F2999B1C86770600F37A5E /* 画坐标系.app */,
				13F299B41C86770600F37A5E /* 画坐标系Tests.xctest */,
				13F299BF1C86770600F37A5E /* 画坐标系UITests.xctest */,
			);
			name = Products;
			sourceTree = "<group>";
		};
		13F2999D1C86770600F37A5E /* 画坐标系 */ = {
			isa = PBXGroup;
			children = (
				13F299A11C86770600F37A5E /* AppDelegate.h */,
				13F299A21C86770600F37A5E /* AppDelegate.m */,
				13F299A41C86770600F37A5E /* ViewController.h */,
				13F299A51C86770600F37A5E /* ViewController.m */,
				13F299D11C8677AB00F37A5E /* Coordinate_System.h */,
				13F299D21C8677AB00F37A5E /* Coordinate_System.m */,
				13F299A71C86770600F37A5E /* Main.storyboard */,
				13F299AA1C86770600F37A5E /* Assets.xcassets */,
				13F299AC1C86770600F37A5E /* LaunchScreen.storyboard */,
				13F299AF1C86770600F37A5E /* Info.plist */,
				13F2999E1C86770600F37A5E /* Supporting Files */,
			);
			path = "画坐标系";
			sourceTree = "<group>";
		};
		13F2999E1C86770600F37A5E /* Supporting Files */ = {
			isa = PBXGroup;
			children = (
				13F2999F1C86770600F37A5E /* main.m */,
			);
			name = "Supporting Files";
			sourceTree = "<group>";
		};
		13F299B71C86770600F37A5E /* 画坐标系Tests */ = {
			isa = PBXGroup;
			children = (
				13F299B81C86770600F37A5E /* ____Tests.m */,
				13F299BA1C86770600F37A5E /* Info.plist */,
			);
			path = "画坐标系Tests";
			sourceTree = "<group>";
		};
		13F299C21C86770600F37A5E /* 画坐标系UITests */ = {
			isa = PBXGroup;
			children = (
				13F299C31C86770600F37A5E /* ____UITests.m */,
				13F299C51C86770600F37A5E /* Info.plist */,
			);
			path = "画坐标系UITests";
			sourceTree = "<group>";
		};
/* End PBXGroup section */

/* Begin PBXNativeTarget section */
		13F2999A1C86770600F37A5E /* 画坐标系 */ = {
			isa = PBXNativeTarget;
			buildConfigurationList = 13F299C81C86770600F37A5E /* Build configuration list for PBXNativeTarget "画坐标系" */;
			buildPhases = (
				13F299971C86770600F37A5E /* Sources */,
				13F299981C86770600F37A5E /* Frameworks */,
				13F299991C86770600F37A5E /* Resources */,
			);
			buildRules = (
			);
			dependencies = (
			);
			name = "画坐标系";
			productName = "画坐标系";
			productReference = 13F2999B1C86770600F37A5E /* 画坐标系.app */;
			productType = "com.apple.product-type.application";
		};
		13F299B31C86770600F37A5E /* 画坐标系Tests */ = {
			isa = PBXNativeTarget;
			buildConfigurationList = 13F299CB1C86770600F37A5E /* Build configuration list for PBXNativeTarget "画坐标系Tests" */;
			buildPhases = (
				13F299B01C86770600F37A5E /* Sources */,
				13F299B11C86770600F37A5E /* Frameworks */,
				13F299B21C86770600F37A5E /* Resources */,
			);
			buildRules = (
			);
			dependencies = (
				13F299B61C86770600F37A5E /* PBXTargetDependency */,
			);
			name = "画坐标系Tests";
			productName = "画坐标系Tests";
			productReference = 13F299B41C86770600F37A5E /* 画坐标系Tests.xctest */;
			productType = "com.apple.product-type.bundle.unit-test";
		};
		13F299BE1C86770600F37A5E /* 画坐标系UITests */ = {
			isa = PBXNativeTarget;
			buildConfigurationList = 13F299CE1C86770600F37A5E /* Build configuration list for PBXNativeTarget "画坐标系UITests" */;
			buildPhases = (
				13F299BB1C86770600F37A5E /* Sources */,
				13F299BC1C86770600F37A5E /* Frameworks */,
				13F299BD1C86770600F37A5E /* Resources */,
			);
			buildRules = (
			);
			dependencies = (
				13F299C11C86770600F37A5E /* PBXTargetDependency */,
			);
			name = "画坐标系UITests";
			productName = "画坐标系UITests";
			productReference = 13F299BF1C86770600F37A5E /* 画坐标系UITests.xctest */;
			productType = "com.apple.product-type.bundle.ui-testing";
		};
/* End PBXNativeTarget section */

/* Begin PBXProject section */
		13F299931C86770600F37A5E /* Project object */ = {
			isa = PBXProject;
			attributes = {
				LastUpgradeCheck = 0720;
				ORGANIZATIONNAME = wkr;
				TargetAttributes = {
					13F2999A1C86770600F37A5E = {
						CreatedOnToolsVersion = 7.2;
					};
					13F299B31C86770600F37A5E = {
						CreatedOnToolsVersion = 7.2;
						TestTargetID = 13F2999A1C86770600F37A5E;
					};
					13F299BE1C86770600F37A5E = {
						CreatedOnToolsVersion = 7.2;
						TestTargetID = 13F2999A1C86770600F37A5E;
					};
				};
			};
			buildConfigurationList = 13F299961C86770600F37A5E /* Build configuration list for PBXProject "画坐标系" */;
			compatibilityVersion = "Xcode 3.2";
			developmentRegion = English;
			hasScannedForEncodings = 0;
			knownRegions = (
				en,
				Base,
			);
			mainGroup = 13F299921C86770600F37A5E;
			productRefGroup = 13F2999C1C86770600F37A5E /* Products */;
			projectDirPath = "";
			projectRoot = "";
			targets = (
				13F2999A1C86770600F37A5E /* 画坐标系 */,
				13F299B31C86770600F37A5E /* 画坐标系Tests */,
				13F299BE1C86770600F37A5E /* 画坐标系UITests */,
			);
		};
/* End PBXProject section */

/* Begin PBXResourcesBuildPhase section */
		13F299991C86770600F37A5E /* Resources */ = {
			isa = PBXResourcesBuildPhase;
			buildActionMask = 2147483647;
			files = (
				13F299AE1C86770600F37A5E /* LaunchScreen.storyboard in Resources */,
				13F299AB1C86770600F37A5E /* Assets.xcassets in Resources */,
				13F299A91C86770600F37A5E /* Main.storyboard in Resources */,
			);
			runOnlyForDeploymentPostprocessing = 0;
		};
		13F299B21C86770600F37A5E /* Resources */ = {
			isa = PBXResourcesBuildPhase;
			buildActionMask = 2147483647;
			files = (
			);
			runOnlyForDeploymentPostprocessing = 0;
		};
		13F299BD1C86770600F37A5E /* Resources */ = {
			isa = PBXResourcesBuildPhase;
			buildActionMask = 2147483647;
			files = (
			);
			runOnlyForDeploymentPostprocessing = 0;
		};
/* End PBXResourcesBuildPhase section */

/* Begin PBXSourcesBuildPhase section */
		13F299971C86770600F37A5E /* Sources */ = {
			isa = PBXSourcesBuildPhase;
			buildActionMask = 2147483647;
			files = (
				13F299A61C86770600F37A5E /* ViewController.m in Sources */,
				13F299A31C86770600F37A5E /* AppDelegate.m in Sources */,
				13F299D31C8677AB00F37A5E /* Coordinate_System.m in Sources */,
				13F299A01C86770600F37A5E /* main.m in Sources */,
			);
			runOnlyForDeploymentPostprocessing = 0;
		};
		13F299B01C86770600F37A5E /* Sources */ = {
			isa = PBXSourcesBuildPhase;
			buildActionMask = 2147483647;
			files = (
				13F299B91C86770600F37A5E /* ____Tests.m in Sources */,
			);
			runOnlyForDeploymentPostprocessing = 0;
		};
		13F299BB1C86770600F37A5E /* Sources */ = {
			isa = PBXSourcesBuildPhase;
			buildActionMask = 2147483647;
			files = (
				13F299C41C86770600F37A5E /* ____UITests.m in Sources */,
			);
			runOnlyForDeploymentPostprocessing = 0;
		};
/* End PBXSourcesBuildPhase section */

/* Begin PBXTargetDependency section */
		13F299B61C86770600F37A5E /* PBXTargetDependency */ = {
			isa = PBXTargetDependency;
			target = 13F2999A1C86770600F37A5E /* 画坐标系 */;
			targetProxy = 13F299B51C86770600F37A5E /* PBXContainerItemProxy */;
		};
		13F299C11C86770600F37A5E /* PBXTargetDependency */ = {
			isa = PBXTargetDependency;
			target = 13F2999A1C86770600F37A5E /* 画坐标系 */;
			targetProxy = 13F299C01C86770600F37A5E /* PBXContainerItemProxy */;
		};
/* End PBXTargetDependency section */

/* Begin PBXVariantGroup section */
		13F299A71C86770600F37A5E /* Main.storyboard */ = {
			isa = PBXVariantGroup;
			children = (
				13F299A81C86770600F37A5E /* Base */,
			);
			name = Main.storyboard;
			sourceTree = "<group>";
		};
		13F299AC1C86770600F37A5E /* LaunchScreen.storyboard */ = {
			isa = PBXVariantGroup;
			children = (
				13F299AD1C86770600F37A5E /* Base */,
			);
			name = LaunchScreen.storyboard;
			sourceTree = "<group>";
		};
/* End PBXVariantGroup section */

/* Begin XCBuildConfiguration section */
		13F299C61C86770600F37A5E /* Debug */ = {
			isa = XCBuildConfiguration;
			buildSettings = {
				ALWAYS_SEARCH_USER_PATHS = NO;
				CLANG_CXX_LANGUAGE_STANDARD = "gnu++0x";
				CLANG_CXX_LIBRARY = "libc++";
				CLANG_ENABLE_MODULES = YES;
				CLANG_ENABLE_OBJC_ARC = YES;
				CLANG_WARN_BOOL_CONVERSION = YES;
				CLANG_WARN_CONSTANT_CONVERSION = YES;
				CLANG_WARN_DIRECT_OBJC_ISA_USAGE = YES_ERROR;
				CLANG_WARN_EMPTY_BODY = YES;
				CLANG_WARN_ENUM_CONVERSION = YES;
				CLANG_WARN_INT_CONVERSION = YES;
				CLANG_WARN_OBJC_ROOT_CLASS = YES_ERROR;
				CLANG_WARN_UNREACHABLE_CODE = YES;
				CLANG_WARN__DUPLICATE_METHOD_MATCH = YES;
				"CODE_SIGN_IDENTITY[sdk=iphoneos*]" = "iPhone Developer";
				COPY_PHASE_STRIP = NO;
				DEBUG_INFORMATION_FORMAT = dwarf;
				ENABLE_STRICT_OBJC_MSGSEND = YES;
				ENABLE_TESTABILITY = YES;
				GCC_C_LANGUAGE_STANDARD = gnu99;
				GCC_DYNAMIC_NO_PIC = NO;
				GCC_NO_COMMON_BLOCKS = YES;
				GCC_OPTIMIZATION_LEVEL = 0;
				GCC_PREPROCESSOR_DEFINITIONS = (
					"DEBUG=1",
					"$(inherited)",
				);
				GCC_WARN_64_TO_32_BIT_CONVERSION = YES;
				GCC_WARN_ABOUT_RETURN_TYPE = YES_ERROR;
				GCC_WARN_UNDECLARED_SELECTOR = YES;
				GCC_WARN_UNINITIALIZED_AUTOS = YES_AGGRESSIVE;
				GCC_WARN_UNUSED_FUNCTION = YES;
				GCC_WARN_UNUSED_VARIABLE = YES;
				IPHONEOS_DEPLOYMENT_TARGET = 9.2;
				MTL_ENABLE_DEBUG_INFO = YES;
				ONLY_ACTIVE_ARCH = YES;
				SDKROOT = iphoneos;
			};
			name = Debug;
		};
		13F299C71C86770600F37A5E /* Release */ = {
			isa = XCBuildConfiguration;
			buildSettings = {
				ALWAYS_SEARCH_USER_PATHS = NO;
				CLANG_CXX_LANGUAGE_STANDARD = "gnu++0x";
				CLANG_CXX_LIBRARY = "libc++";
				CLANG_ENABLE_MODULES = YES;
				CLANG_ENABLE_OBJC_ARC = YES;
				CLANG_WARN_BOOL_CONVERSION = YES;
				CLANG_WARN_CONSTANT_CONVERSION = YES;
				CLANG_WARN_DIRECT_OBJC_ISA_USAGE = YES_ERROR;
				CLANG_WARN_EMPTY_BODY = YES;
				CLANG_WARN_ENUM_CONVERSION = YES;
				CLANG_WARN_INT_CONVERSION = YES;
				CLANG_WARN_OBJC_ROOT_CLASS = YES_ERROR;
				CLANG_WARN_UNREACHABLE_CODE = YES;
				CLANG_WARN__DUPLICATE_METHOD_MATCH = YES;
				"CODE_SIGN_IDENTITY[sdk=iphoneos*]" = "iPhone Developer";
				COPY_PHASE_STRIP = NO;
				DEBUG_INFORMATION_FORMAT = "dwarf-with-dsym";
				ENABLE_NS_ASSERTIONS = NO;
				ENABLE_STRICT_OBJC_MSGSEND = YES;
				GCC_C_LANGUAGE_STANDARD = gnu99;
				GCC_NO_COMMON_BLOCKS = YES;
				GCC_WARN_64_TO_32_BIT_CONVERSION = YES;
				GCC_WARN_ABOUT_RETURN_TYPE = YES_ERROR;
				GCC_WARN_UNDECLARED_SELECTOR = YES;
				GCC_WARN_UNINITIALIZED_AUTOS = YES_AGGRESSIVE;
				GCC_WARN_UNUSED_FUNCTION = YES;
				GCC_WARN_UNUSED_VARIABLE = YES;
				IPHONEOS_DEPLOYMENT_TARGET = 9.2;
				MTL_ENABLE_DEBUG_INFO = NO;
				SDKROOT = iphoneos;
				VALIDATE_PRODUCT = YES;
			};
			name = Release;
		};
		13F299C91C86770600F37A5E /* Debug */ = {
			isa = XCBuildConfiguration;
			buildSettings = {
				ASSETCATALOG_COMPILER_APPICON_NAME = AppIcon;
				INFOPLIST_FILE = "画坐标系/Info.plist";
				LD_RUNPATH_SEARCH_PATHS = "$(inherited) @executable_path/Frameworks";
				PRODUCT_BUNDLE_IDENTIFIER = "wkr.----";
				PRODUCT_NAME = "$(TARGET_NAME)";
			};
			name = Debug;
		};
		13F299CA1C86770600F37A5E /* Release */ = {
			isa = XCBuildConfiguration;
			buildSettings = {
				ASSETCATALOG_COMPILER_APPICON_NAME = AppIcon;
				INFOPLIST_FILE = "画坐标系/Info.plist";
				LD_RUNPATH_SEARCH_PATHS = "$(inherited) @executable_path/Frameworks";
				PRODUCT_BUNDLE_IDENTIFIER = "wkr.----";
				PRODUCT_NAME = "$(TARGET_NAME)";
			};
			name = Release;
		};
		13F299CC1C86770600F37A5E /* Debug */ = {
			isa = XCBuildConfiguration;
			buildSettings = {
				BUNDLE_LOADER = "$(TEST_HOST)";
				INFOPLIST_FILE = "画坐标系Tests/Info.plist";
				LD_RUNPATH_SEARCH_PATHS = "$(inherited) @executable_path/Frameworks @loader_path/Frameworks";
				PRODUCT_BUNDLE_IDENTIFIER = "wkr.----Tests";
				PRODUCT_NAME = "$(TARGET_NAME)";
				TEST_HOST = "$(BUILT_PRODUCTS_DIR)/画坐标系.app/画坐标系";
			};
			name = Debug;
		};
		13F299CD1C86770600F37A5E /* Release */ = {
			isa = XCBuildConfiguration;
			buildSettings = {
				BUNDLE_LOADER = "$(TEST_HOST)";
				INFOPLIST_FILE = "画坐标系Tests/Info.plist";
				LD_RUNPATH_SEARCH_PATHS = "$(inherited) @executable_path/Frameworks @loader_path/Frameworks";
				PRODUCT_BUNDLE_IDENTIFIER = "wkr.----Tests";
				PRODUCT_NAME = "$(TARGET_NAME)";
				TEST_HOST = "$(BUILT_PRODUCTS_DIR)/画坐标系.app/画坐标系";
			};
			name = Release;
		};
		13F299CF1C86770600F37A5E /* Debug */ = {
			isa = XCBuildConfiguration;
			buildSettings = {
				INFOPLIST_FILE = "画坐标系UITests/Info.plist";
				LD_RUNPATH_SEARCH_PATHS = "$(inherited) @executable_path/Frameworks @loader_path/Frameworks";
				PRODUCT_BUNDLE_IDENTIFIER = "wkr.----UITests";
				PRODUCT_NAME = "$(TARGET_NAME)";
				TEST_TARGET_NAME = "画坐标系";
				USES_XCTRUNNER = YES;
			};
			name = Debug;
		};
		13F299D01C86770600F37A5E /* Release */ = {
			isa = XCBuildConfiguration;
			buildSettings = {
				INFOPLIST_FILE = "画坐标系UITests/Info.plist";
				LD_RUNPATH_SEARCH_PATHS = "$(inherited) @executable_path/Frameworks @loader_path/Frameworks";
				PRODUCT_BUNDLE_IDENTIFIER = "wkr.----UITests";
				PRODUCT_NAME = "$(TARGET_NAME)";
				TEST_TARGET_NAME = "画坐标系";
				USES_XCTRUNNER = YES;
			};
			name = Release;
		};
/* End XCBuildConfiguration section */

/* Begin XCConfigurationList section */
		13F299961C86770600F37A5E /* Build configuration list for PBXProject "画坐标系" */ = {
			isa = XCConfigurationList;
			buildConfigurations = (
				13F299C61C86770600F37A5E /* Debug */,
				13F299C71C86770600F37A5E /* Release */,
			);
			defaultConfigurationIsVisible = 0;
			defaultConfigurationName = Release;
		};
		13F299C81C86770600F37A5E /* Build configuration list for PBXNativeTarget "画坐标系" */ = {
			isa = XCConfigurationList;
			buildConfigurations = (
				13F299C91C86770600F37A5E /* Debug */,
				13F299CA1C86770600F37A5E /* Release */,
			);
			defaultConfigurationIsVisible = 0;
		};
		13F299CB1C86770600F37A5E /* Build configuration list for PBXNativeTarget "画坐标系Tests" */ = {
			isa = XCConfigurationList;
			buildConfigurations = (
				13F299CC1C86770600F37A5E /* Debug */,
				13F299CD1C86770600F37A5E /* Release */,
			);
			defaultConfigurationIsVisible = 0;
		};
		13F299CE1C86770600F37A5E /* Build configuration list for PBXNativeTarget "画坐标系UITests" */ = {
			isa = XCConfigurationList;
			buildConfigurations = (
				13F299CF1C86770600F37A5E /* Debug */,
				13F299D01C86770600F37A5E /* Release */,
			);
			defaultConfigurationIsVisible = 0;
		};
/* End XCConfigurationList section */
	};
	rootObject = 13F299931C86770600F37A5E /* Project object */;
}
